
Microsoft Visual Studio Solution File, Format Version 12.00
# Visual Studio Version 17
VisualStudioVersion = 17.9.34607.119
MinimumVisualStudioVersion = 10.0.40219.1
Project("{FAE04EC0-301F-11D3-BF4B-00C04F79EFBC}") = "BlazorBattles.Server", "BlazorBattles\Server\BlazorBattles.Server.csproj", "{DB8DC5C6-FC6B-4D02-8821-7E0700E7EDED}"
EndProject
Project("{FAE04EC0-301F-11D3-BF4B-00C04F79EFBC}") = "BlazorBattles.Client", "BlazorBattles\Client\BlazorBattles.Client.csproj", "{FB89A8BD-A35B-4E87-95BF-17BA816434AE}"
EndProject
Project("{FAE04EC0-301F-11D3-BF4B-00C04F79EFBC}") = "BlazorBattles.Shared", "BlazorBattles\Shared\BlazorBattles.Shared.csproj", "{5AACEAB9-8671-4EA5-8565-A5D6517A9C22}"
EndProject
Global
	GlobalSection(SolutionConfigurationPlatforms) = preSolution
		Debug|Any CPU = Debug|Any CPU
		Release|Any CPU = Release|Any CPU
	EndGlobalSection
	GlobalSection(ProjectConfigurationPlatforms) = postSolution
		{DB8DC5C6-FC6B-4D02-8821-7E0700E7EDED}.Debug|Any CPU.ActiveCfg = Debug|Any CPU
		{DB8DC5C6-FC6B-4D02-8821-7E0700E7EDED}.Debug|Any CPU.Build.0 = Debug|Any CPU
		{DB8DC5C6-FC6B-4D02-8821-7E0700E7EDED}.Release|Any CPU.ActiveCfg = Release|Any CPU
		{DB8DC5C6-FC6B-4D02-8821-7E0700E7EDED}.Release|Any CPU.Build.0 = Release|Any CPU
		{FB89A8BD-A35B-4E87-95BF-17BA816434AE}.Debug|Any CPU.ActiveCfg = Debug|Any CPU
		{FB89A8BD-A35B-4E87-95BF-17BA816434AE}.Debug|Any CPU.Build.0 = Debug|Any CPU
		{FB89A8BD-A35B-4E87-95BF-17BA816434AE}.Release|Any CPU.ActiveCfg = Release|Any CPU
		{FB89A8BD-A35B-4E87-95BF-17BA816434AE}.Release|Any CPU.Build.0 = Release|Any CPU
		{5AACEAB9-8671-4EA5-8565-A5D6517A9C22}.Debug|Any CPU.ActiveCfg = Debug|Any CPU
		{5AACEAB9-8671-4EA5-8565-A5D6517A9C22}.Debug|Any CPU.Build.0 = Debug|Any CPU
		{5AACEAB9-8671-4EA5-8565-A5D6517A9C22}.Release|Any CPU.ActiveCfg = Release|Any CPU
		{5AACEAB9-8671-4EA5-8565-A5D6517A9C22}.Release|Any CPU.Build.0 = Release|Any CPU
	EndGlobalSection
	GlobalSection(SolutionProperties) = preSolution
		HideSolutionNode = FALSE
	EndGlobalSection
	GlobalSection(ExtensibilityGlobals) = postSolution
		SolutionGuid = {AE9B04A4-6C5E-4A40-A122-3DD33C97BF5C}
	EndGlobalSection
EndGlobal
